
Microsoft Visual Studio Solution File, Format Version 12.00
# Visual Studio Version 17
VisualStudioVersion = 17.11.35327.3
MinimumVisualStudioVersion = 10.0.40219.1
Project("{FAE04EC0-301F-11D3-BF4B-00C04F79EFBC}") = "Elibrary Management Project", "Elibrary Management Project.csproj", "{0A839903-DF20-4DE5-9AC7-D281D5B9D372}"
EndProject
Global
	GlobalSection(SolutionConfigurationPlatforms) = preSolution
		Debug|Any CPU = Debug|Any CPU
		Release|Any CPU = Release|Any CPU
	EndGlobalSection
	GlobalSection(ProjectConfigurationPlatforms) = postSolution
		{0A839903-DF20-4DE5-9AC7-D281D5B9D372}.Debug|Any CPU.ActiveCfg = Debug|Any CPU
		{0A839903-DF20-4DE5-9AC7-D281D5B9D372}.Debug|Any CPU.Build.0 = Debug|Any CPU
		{0A839903-DF20-4DE5-9AC7-D281D5B9D372}.Release|Any CPU.ActiveCfg = Release|Any CPU
		{0A839903-DF20-4DE5-9AC7-D281D5B9D372}.Release|Any CPU.Build.0 = Release|Any CPU
	EndGlobalSection
	GlobalSection(SolutionProperties) = preSolution
		HideSolutionNode = FALSE
	EndGlobalSection
	GlobalSection(ExtensibilityGlobals) = postSolution
		SolutionGuid = {8BF381C0-A341-4F77-AFE4-F7E8448B65FF}
	EndGlobalSection
EndGlobal
